// !$*UTF8*$!
{
	archiveVersion = 1;
	classes = {
	};
	objectVersion = 45;
	objects = {

/* Begin PBXBuildFile section */
		4D35ECB61677BB3000DDF748 /* libMLi3.a in Frameworks */ = {isa = PBXBuildFile; fileRef = 4D35ECB51677BB3000DDF748 /* libMLi3.a */; };
		4D35ECB81677BB8800DDF748 /* CoreFoundation.framework in Frameworks */ = {isa = PBXBuildFile; fileRef = 4D35ECB71677BB8800DDF748 /* CoreFoundation.framework */; };
		4D46888D16B5D38D009143D0 /* Stochastic.cpp in Sources */ = {isa = PBXBuildFile; fileRef = 4D46888916B5C549009143D0 /* Stochastic.cpp */; };
		4D611D0116406A2F008FB029 /* System.cpp in Sources */ = {isa = PBXBuildFile; fileRef = 4D611CFF16406A2F008FB029 /* System.cpp */; };
		4D611D0516406ADE008FB029 /* Utilities.cpp in Sources */ = {isa = PBXBuildFile; fileRef = 4D611D0316406ADE008FB029 /* Utilities.cpp */; };
		4D9C2B02160524A9001FA974 /* main.cpp in Sources */ = {isa = PBXBuildFile; fileRef = 4D9C2AFF160524A9001FA974 /* main.cpp */; };
		4DAFD7A616B1E7A3004D9346 /* libgsl.a in Frameworks */ = {isa = PBXBuildFile; fileRef = 4DAFD7A516B1E7A3004D9346 /* libgsl.a */; };
		4DAFD7B216B2077F004D9346 /* libboost_chrono.dylib in Frameworks */ = {isa = PBXBuildFile; fileRef = 4DAFD7AE16B2077F004D9346 /* libboost_chrono.dylib */; };
		4DAFD7B316B2077F004D9346 /* libboost_program_options.dylib in Frameworks */ = {isa = PBXBuildFile; fileRef = 4DAFD7AF16B2077F004D9346 /* libboost_program_options.dylib */; };
		4DAFD7B416B2077F004D9346 /* libboost_system.dylib in Frameworks */ = {isa = PBXBuildFile; fileRef = 4DAFD7B016B2077F004D9346 /* libboost_system.dylib */; };
		4DAFD7B516B2077F004D9346 /* libboost_timer.dylib in Frameworks */ = {isa = PBXBuildFile; fileRef = 4DAFD7B116B2077F004D9346 /* libboost_timer.dylib */; };
		4DE1438416D143C400F8B816 /* Ising.cpp in Sources */ = {isa = PBXBuildFile; fileRef = 4DE1438216D143C400F8B816 /* Ising.cpp */; };
		4DE1438616D1443E00F8B816 /* Reservoir.cpp in Sources */ = {isa = PBXBuildFile; fileRef = 4DE1438516D1443E00F8B816 /* Reservoir.cpp */; };
/* End PBXBuildFile section */

/* Begin PBXCopyFilesBuildPhase section */
		4DD182ED1605213000353837 /* CopyFiles */ = {
			isa = PBXCopyFilesBuildPhase;
			buildActionMask = 12;
			dstPath = /usr/share/man/man1/;
			dstSubfolderSpec = 0;
			files = (
			);
			runOnlyForDeploymentPostprocessing = 0;
		};
/* End PBXCopyFilesBuildPhase section */

/* Begin PBXFileReference section */
		4D35ECB21677BA0400DDF748 /* mathlink.h */ = {isa = PBXFileReference; fileEncoding = 4; lastKnownFileType = sourcecode.c.h; name = mathlink.h; path = "/Applications/Mathematica.app/SystemFiles/Links/MathLink/DeveloperKit/MacOSX-x86-64/CompilerAdditions/mathlink.h"; sourceTree = "<absolute>"; };
		4D35ECB51677BB3000DDF748 /* libMLi3.a */ = {isa = PBXFileReference; lastKnownFileType = archive.ar; name = libMLi3.a; path = "/Applications/Mathematica.app/SystemFiles/Links/MathLink/DeveloperKit/MacOSX-x86-64/CompilerAdditions/libMLi3.a"; sourceTree = "<absolute>"; };
		4D35ECB71677BB8800DDF748 /* CoreFoundation.framework */ = {isa = PBXFileReference; lastKnownFileType = wrapper.framework; name = CoreFoundation.framework; path = System/Library/Frameworks/CoreFoundation.framework; sourceTree = SDKROOT; };
		4D46888916B5C549009143D0 /* Stochastic.cpp */ = {isa = PBXFileReference; lastKnownFileType = sourcecode.cpp.cpp; path = Stochastic.cpp; sourceTree = "<group>"; };
		4D46888A16B5C549009143D0 /* Stochastic.h */ = {isa = PBXFileReference; lastKnownFileType = sourcecode.c.h; path = Stochastic.h; sourceTree = "<group>"; };
		4D46888C16B5C58C009143D0 /* Reservoir.h */ = {isa = PBXFileReference; lastKnownFileType = sourcecode.c.h; path = Reservoir.h; sourceTree = "<group>"; };
		4D611CFF16406A2F008FB029 /* System.cpp */ = {isa = PBXFileReference; fileEncoding = 4; lastKnownFileType = sourcecode.cpp.cpp; path = System.cpp; sourceTree = "<group>"; };
		4D611D0016406A2F008FB029 /* System.h */ = {isa = PBXFileReference; fileEncoding = 4; lastKnownFileType = sourcecode.c.h; path = System.h; sourceTree = "<group>"; };
		4D611D0316406ADE008FB029 /* Utilities.cpp */ = {isa = PBXFileReference; fileEncoding = 4; lastKnownFileType = sourcecode.cpp.cpp; path = Utilities.cpp; sourceTree = "<group>"; };
		4D611D0416406ADE008FB029 /* Utilities.h */ = {isa = PBXFileReference; fileEncoding = 4; lastKnownFileType = sourcecode.c.h; path = Utilities.h; sourceTree = "<group>"; };
		4D9C2AFF160524A9001FA974 /* main.cpp */ = {isa = PBXFileReference; fileEncoding = 4; lastKnownFileType = sourcecode.cpp.cpp; path = main.cpp; sourceTree = "<group>"; };
		4DAFD7A516B1E7A3004D9346 /* libgsl.a */ = {isa = PBXFileReference; lastKnownFileType = archive.ar; name = libgsl.a; path = ../../local/lib/libgsl.a; sourceTree = "<group>"; };
		4DAFD7AE16B2077F004D9346 /* libboost_chrono.dylib */ = {isa = PBXFileReference; lastKnownFileType = "compiled.mach-o.dylib"; name = libboost_chrono.dylib; path = ../../local/lib/libboost_chrono.dylib; sourceTree = "<group>"; };
		4DAFD7AF16B2077F004D9346 /* libboost_program_options.dylib */ = {isa = PBXFileReference; lastKnownFileType = "compiled.mach-o.dylib"; name = libboost_program_options.dylib; path = ../../local/lib/libboost_program_options.dylib; sourceTree = "<group>"; };
		4DAFD7B016B2077F004D9346 /* libboost_system.dylib */ = {isa = PBXFileReference; lastKnownFileType = "compiled.mach-o.dylib"; name = libboost_system.dylib; path = ../../local/lib/libboost_system.dylib; sourceTree = "<group>"; };
		4DAFD7B116B2077F004D9346 /* libboost_timer.dylib */ = {isa = PBXFileReference; lastKnownFileType = "compiled.mach-o.dylib"; name = libboost_timer.dylib; path = ../../local/lib/libboost_timer.dylib; sourceTree = "<group>"; };
		4DAFD7C216B2EC54004D9346 /* clangomp.h */ = {isa = PBXFileReference; lastKnownFileType = sourcecode.c.h; path = clangomp.h; sourceTree = "<group>"; };
		4DD182EF1605213000353837 /* thermaleraser */ = {isa = PBXFileReference; explicitFileType = "compiled.mach-o.executable"; includeInIndex = 0; path = thermaleraser; sourceTree = BUILT_PRODUCTS_DIR; };
		4DE1438216D143C400F8B816 /* Ising.cpp */ = {isa = PBXFileReference; fileEncoding = 4; lastKnownFileType = sourcecode.cpp.cpp; path = Ising.cpp; sourceTree = "<group>"; };
		4DE1438316D143C400F8B816 /* Ising.h */ = {isa = PBXFileReference; fileEncoding = 4; lastKnownFileType = sourcecode.c.h; path = Ising.h; sourceTree = "<group>"; };
		4DE1438516D1443E00F8B816 /* Reservoir.cpp */ = {isa = PBXFileReference; fileEncoding = 4; lastKnownFileType = sourcecode.cpp.cpp; path = Reservoir.cpp; sourceTree = "<group>"; };
/* End PBXFileReference section */

/* Begin PBXFrameworksBuildPhase section */
		4DD182EC1605213000353837 /* Frameworks */ = {
			isa = PBXFrameworksBuildPhase;
			buildActionMask = 2147483647;
			files = (
				4DAFD7B216B2077F004D9346 /* libboost_chrono.dylib in Frameworks */,
				4DAFD7B316B2077F004D9346 /* libboost_program_options.dylib in Frameworks */,
				4DAFD7B416B2077F004D9346 /* libboost_system.dylib in Frameworks */,
				4DAFD7B516B2077F004D9346 /* libboost_timer.dylib in Frameworks */,
				4DAFD7A616B1E7A3004D9346 /* libgsl.a in Frameworks */,
				4D35ECB81677BB8800DDF748 /* CoreFoundation.framework in Frameworks */,
				4D35ECB61677BB3000DDF748 /* libMLi3.a in Frameworks */,
			);
			runOnlyForDeploymentPostprocessing = 0;
		};
/* End PBXFrameworksBuildPhase section */

/* Begin PBXGroup section */
		4DAFD7A716B202EF004D9346 /* External Libraries */ = {
			isa = PBXGroup;
			children = (
				4DAFD7AE16B2077F004D9346 /* libboost_chrono.dylib */,
				4DAFD7AF16B2077F004D9346 /* libboost_program_options.dylib */,
				4DAFD7B016B2077F004D9346 /* libboost_system.dylib */,
				4DAFD7B116B2077F004D9346 /* libboost_timer.dylib */,
				4D35ECB21677BA0400DDF748 /* mathlink.h */,
				4D35ECB51677BB3000DDF748 /* libMLi3.a */,
				4DAFD7A516B1E7A3004D9346 /* libgsl.a */,
			);
			name = "External Libraries";
			sourceTree = "<group>";
		};
		4DD182E41605213000353837 = {
			isa = PBXGroup;
			children = (
				4D35ECB71677BB8800DDF748 /* CoreFoundation.framework */,
				4DAFD7A716B202EF004D9346 /* External Libraries */,
				4DD182F21605213000353837 /* src */,
				4DD182F01605213000353837 /* Products */,
			);
			sourceTree = "<group>";
		};
		4DD182F01605213000353837 /* Products */ = {
			isa = PBXGroup;
			children = (
				4DD182EF1605213000353837 /* thermaleraser */,
			);
			name = Products;
			sourceTree = "<group>";
		};
		4DD182F21605213000353837 /* src */ = {
			isa = PBXGroup;
			children = (
				4DAFD7C216B2EC54004D9346 /* clangomp.h */,
				4D46888C16B5C58C009143D0 /* Reservoir.h */,
				4D611D0016406A2F008FB029 /* System.h */,
				4D46888A16B5C549009143D0 /* Stochastic.h */,
				4DE1438316D143C400F8B816 /* Ising.h */,
				4D611D0416406ADE008FB029 /* Utilities.h */,
				4DE1438216D143C400F8B816 /* Ising.cpp */,
				4D9C2AFF160524A9001FA974 /* main.cpp */,
				4D611CFF16406A2F008FB029 /* System.cpp */,
				4DE1438516D1443E00F8B816 /* Reservoir.cpp */,
				4D46888916B5C549009143D0 /* Stochastic.cpp */,
				4D611D0316406ADE008FB029 /* Utilities.cpp */,
			);
			path = src;
			sourceTree = "<group>";
		};
/* End PBXGroup section */

/* Begin PBXLegacyTarget section */
		4D46888E16B5D5B8009143D0 /* BuildWithMakefile */ = {
			isa = PBXLegacyTarget;
			buildArgumentsString = "$(ACTION) RPATH=''";
			buildConfigurationList = 4D46888F16B5D5B8009143D0 /* Build configuration list for PBXLegacyTarget "BuildWithMakefile" */;
			buildPhases = (
			);
			buildToolPath = /usr/bin/make;
			buildWorkingDirectory = "$(SOURCE_ROOT)";
			dependencies = (
			);
			name = BuildWithMakefile;
			passBuildSettingsInEnvironment = 1;
			productName = BuildWithMakefile;
		};
/* End PBXLegacyTarget section */

/* Begin PBXNativeTarget section */
		4DD182EE1605213000353837 /* thermaleraser */ = {
			isa = PBXNativeTarget;
			buildConfigurationList = 4DD182F91605213000353837 /* Build configuration list for PBXNativeTarget "thermaleraser" */;
			buildPhases = (
				4DD182EB1605213000353837 /* Sources */,
				4DD182EC1605213000353837 /* Frameworks */,
				4DD182ED1605213000353837 /* CopyFiles */,
			);
			buildRules = (
			);
			dependencies = (
			);
			name = thermaleraser;
			productName = thermaleraser;
			productReference = 4DD182EF1605213000353837 /* thermaleraser */;
			productType = "com.apple.product-type.tool";
		};
/* End PBXNativeTarget section */

/* Begin PBXProject section */
		4DD182E61605213000353837 /* Project object */ = {
			isa = PBXProject;
			attributes = {
				LastUpgradeCheck = 0440;
				ORGANIZATIONNAME = "Kenyon College";
			};
			buildConfigurationList = 4DD182E91605213000353837 /* Build configuration list for PBXProject "thermaleraser" */;
			compatibilityVersion = "Xcode 3.1";
			developmentRegion = English;
			hasScannedForEncodings = 0;
			knownRegions = (
				en,
			);
			mainGroup = 4DD182E41605213000353837;
			productRefGroup = 4DD182F01605213000353837 /* Products */;
			projectDirPath = "";
			projectRoot = "";
			targets = (
				4DD182EE1605213000353837 /* thermaleraser */,
				4D46888E16B5D5B8009143D0 /* BuildWithMakefile */,
			);
		};
/* End PBXProject section */

/* Begin PBXSourcesBuildPhase section */
		4DD182EB1605213000353837 /* Sources */ = {
			isa = PBXSourcesBuildPhase;
			buildActionMask = 2147483647;
			files = (
				4D9C2B02160524A9001FA974 /* main.cpp in Sources */,
				4D611D0116406A2F008FB029 /* System.cpp in Sources */,
				4D611D0516406ADE008FB029 /* Utilities.cpp in Sources */,
				4D46888D16B5D38D009143D0 /* Stochastic.cpp in Sources */,
				4DE1438416D143C400F8B816 /* Ising.cpp in Sources */,
				4DE1438616D1443E00F8B816 /* Reservoir.cpp in Sources */,
			);
			runOnlyForDeploymentPostprocessing = 0;
		};
/* End PBXSourcesBuildPhase section */

/* Begin XCBuildConfiguration section */
		4D46889016B5D5B8009143D0 /* Debug */ = {
			isa = XCBuildConfiguration;
			buildSettings = {
				ALWAYS_SEARCH_USER_PATHS = NO;
				CLANG_CXX_LIBRARY = "libc++";
				CLANG_WARN_CONSTANT_CONVERSION = YES;
				CLANG_WARN_EMPTY_BODY = YES;
				CLANG_WARN_ENUM_CONVERSION = YES;
				CLANG_WARN_INT_CONVERSION = YES;
				DEBUGGING_SYMBOLS = YES;
				GCC_GENERATE_DEBUGGING_SYMBOLS = YES;
				GCC_OPTIMIZATION_LEVEL = 0;
				OTHER_CFLAGS = "";
				OTHER_LDFLAGS = "";
				PRODUCT_NAME = "$(TARGET_NAME)";
			};
			name = Debug;
		};
		4D46889116B5D5B8009143D0 /* Release */ = {
			isa = XCBuildConfiguration;
			buildSettings = {
				ALWAYS_SEARCH_USER_PATHS = NO;
				CLANG_CXX_LIBRARY = "libc++";
				CLANG_WARN_CONSTANT_CONVERSION = YES;
				CLANG_WARN_EMPTY_BODY = YES;
				CLANG_WARN_ENUM_CONVERSION = YES;
				CLANG_WARN_INT_CONVERSION = YES;
				OTHER_CFLAGS = "";
				OTHER_LDFLAGS = "";
				PRODUCT_NAME = "$(TARGET_NAME)";
			};
			name = Release;
		};
		4DD182F71605213000353837 /* Debug */ = {
			isa = XCBuildConfiguration;
			buildSettings = {
				ALWAYS_SEARCH_USER_PATHS = YES;
				ARCHS = "$(ARCHS_STANDARD_64_BIT)";
				CLANG_ANALYZER_SECURITY_INSECUREAPI_RAND = YES;
				CLANG_CXX_LANGUAGE_STANDARD = "gnu++0x";
				CLANG_WARN__DUPLICATE_METHOD_MATCH = YES;
				COPY_PHASE_STRIP = NO;
				ENABLE_OPENMP_SUPPORT = YES;
				GCC_C_LANGUAGE_STANDARD = gnu99;
				GCC_DYNAMIC_NO_PIC = NO;
				GCC_ENABLE_OBJC_EXCEPTIONS = YES;
				GCC_OPTIMIZATION_LEVEL = 0;
				GCC_PREPROCESSOR_DEFINITIONS = (
					"DEBUG=1",
					"$(inherited)",
				);
				GCC_SYMBOLS_PRIVATE_EXTERN = NO;
				GCC_VERSION = com.apple.compilers.llvmgcc42;
				GCC_WARN_64_TO_32_BIT_CONVERSION = YES;
				GCC_WARN_ABOUT_RETURN_TYPE = YES;
				GCC_WARN_UNINITIALIZED_AUTOS = YES;
				GCC_WARN_UNUSED_FUNCTION = YES;
				GCC_WARN_UNUSED_PARAMETER = NO;
				GCC_WARN_UNUSED_VARIABLE = YES;
				HEADER_SEARCH_PATHS = "";
				LIBRARY_SEARCH_PATHS = $HOME/local/lib;
				MACOSX_DEPLOYMENT_TARGET = 10.8;
				ONLY_ACTIVE_ARCH = YES;
				OTHER_LDFLAGS = "";
				SDKROOT = macosx;
				USER_HEADER_SEARCH_PATHS = $HOME/local/include;
			};
			name = Debug;
		};
		4DD182F81605213000353837 /* Release */ = {
			isa = XCBuildConfiguration;
			buildSettings = {
				ALWAYS_SEARCH_USER_PATHS = YES;
				ARCHS = "$(ARCHS_STANDARD_64_BIT)";
				CLANG_ANALYZER_SECURITY_INSECUREAPI_RAND = YES;
				CLANG_CXX_LANGUAGE_STANDARD = "gnu++0x";
				CLANG_WARN__DUPLICATE_METHOD_MATCH = YES;
				COPY_PHASE_STRIP = YES;
				DEBUG_INFORMATION_FORMAT = "dwarf-with-dsym";
				ENABLE_OPENMP_SUPPORT = YES;
				GCC_C_LANGUAGE_STANDARD = gnu99;
				GCC_ENABLE_OBJC_EXCEPTIONS = YES;
				GCC_OPTIMIZATION_LEVEL = s;
				GCC_VERSION = com.apple.compilers.llvmgcc42;
				GCC_WARN_64_TO_32_BIT_CONVERSION = YES;
				GCC_WARN_ABOUT_RETURN_TYPE = YES;
				GCC_WARN_UNINITIALIZED_AUTOS = YES;
				GCC_WARN_UNUSED_FUNCTION = YES;
				GCC_WARN_UNUSED_PARAMETER = NO;
				GCC_WARN_UNUSED_VARIABLE = YES;
				HEADER_SEARCH_PATHS = "";
				LIBRARY_SEARCH_PATHS = $HOME/local/lib;
				MACOSX_DEPLOYMENT_TARGET = 10.8;
				OTHER_LDFLAGS = "";
				SDKROOT = macosx;
				USER_HEADER_SEARCH_PATHS = $HOME/local/include;
			};
			name = Release;
		};
		4DD182FA1605213000353837 /* Debug */ = {
			isa = XCBuildConfiguration;
			buildSettings = {
				ALWAYS_SEARCH_USER_PATHS = YES;
				FRAMEWORK_SEARCH_PATHS = (
					"$(inherited)",
					"\"$(SYSTEM_APPS_DIR)/Mathematica.app/SystemFiles/Links/MathLink/DeveloperKit/MacOSX-x86-64/CompilerAdditions\"",
				);
				GCC_INCREASE_PRECOMPILED_HEADER_SHARING = NO;
				GCC_LINK_WITH_DYNAMIC_LIBRARIES = YES;
				GCC_SYMBOLS_PRIVATE_EXTERN = NO;
				GCC_WARN_UNKNOWN_PRAGMAS = NO;
				LIBRARY_SEARCH_PATHS = (
					"$(inherited)",
					"\"$(SYSTEM_APPS_DIR)/Mathematica.app/SystemFiles/Links/MathLink/DeveloperKit/MacOSX-x86-64/CompilerAdditions/mathlink.framework/Versions/3.16\"",
					"\"$(SYSTEM_APPS_DIR)/Mathematica.app/SystemFiles/Links/MathLink/DeveloperKit/MacOSX-x86-64/CompilerAdditions\"",
					"\"$(SRCROOT)/../../local/lib\"",
				);
				OTHER_LDFLAGS = "";
				PRODUCT_NAME = "$(TARGET_NAME)";
			};
			name = Debug;
		};
		4DD182FB1605213000353837 /* Release */ = {
			isa = XCBuildConfiguration;
			buildSettings = {
				ALWAYS_SEARCH_USER_PATHS = YES;
				ENABLE_OPENMP_SUPPORT = YES;
				FRAMEWORK_SEARCH_PATHS = (
					"$(inherited)",
					"\"$(SYSTEM_APPS_DIR)/Mathematica.app/SystemFiles/Links/MathLink/DeveloperKit/MacOSX-x86-64/CompilerAdditions\"",
				);
				GCC_INCREASE_PRECOMPILED_HEADER_SHARING = NO;
				GCC_LINK_WITH_DYNAMIC_LIBRARIES = YES;
				GCC_WARN_UNKNOWN_PRAGMAS = NO;
				LIBRARY_SEARCH_PATHS = (
					"$(inherited)",
					"\"$(SYSTEM_APPS_DIR)/Mathematica.app/SystemFiles/Links/MathLink/DeveloperKit/MacOSX-x86-64/CompilerAdditions/mathlink.framework/Versions/3.16\"",
					"\"$(SYSTEM_APPS_DIR)/Mathematica.app/SystemFiles/Links/MathLink/DeveloperKit/MacOSX-x86-64/CompilerAdditions\"",
					"\"$(SRCROOT)/../../local/lib\"",
				);
				OTHER_LDFLAGS = "";
				PRODUCT_NAME = "$(TARGET_NAME)";
			};
			name = Release;
		};
/* End XCBuildConfiguration section */

/* Begin XCConfigurationList section */
		4D46888F16B5D5B8009143D0 /* Build configuration list for PBXLegacyTarget "BuildWithMakefile" */ = {
			isa = XCConfigurationList;
			buildConfigurations = (
				4D46889016B5D5B8009143D0 /* Debug */,
				4D46889116B5D5B8009143D0 /* Release */,
			);
			defaultConfigurationIsVisible = 0;
			defaultConfigurationName = Release;
		};
		4DD182E91605213000353837 /* Build configuration list for PBXProject "thermaleraser" */ = {
			isa = XCConfigurationList;
			buildConfigurations = (
				4DD182F71605213000353837 /* Debug */,
				4DD182F81605213000353837 /* Release */,
			);
			defaultConfigurationIsVisible = 0;
			defaultConfigurationName = Release;
		};
		4DD182F91605213000353837 /* Build configuration list for PBXNativeTarget "thermaleraser" */ = {
			isa = XCConfigurationList;
			buildConfigurations = (
				4DD182FA1605213000353837 /* Debug */,
				4DD182FB1605213000353837 /* Release */,
			);
			defaultConfigurationIsVisible = 0;
			defaultConfigurationName = Release;
		};
/* End XCConfigurationList section */
	};
	rootObject = 4DD182E61605213000353837 /* Project object */;
}
