// !$*UTF8*$!
{
	archiveVersion = 1;
	classes = {
	};
	objectVersion = 45;
	objects = {

/* Begin PBXBuildFile section */
		4D28A4AC16D66E2B0019141B /* Stochastic.cpp in Sources */ = {isa = PBXBuildFile; fileRef = 4D46888916B5C549009143D0 /* Stochastic.cpp */; };
		4D28A4AD16D66E2B0019141B /* Ising.cpp in Sources */ = {isa = PBXBuildFile; fileRef = 4DE1438216D143C400F8B816 /* Ising.cpp */; };
		4D28A4B016D66E2B0019141B /* System.cpp in Sources */ = {isa = PBXBuildFile; fileRef = 4D611CFF16406A2F008FB029 /* System.cpp */; };
		4D28A4B116D66E2B0019141B /* Reservoir.cpp in Sources */ = {isa = PBXBuildFile; fileRef = 4DE1438516D1443E00F8B816 /* Reservoir.cpp */; };
		4D28A4B216D66E2B0019141B /* Utilities.cpp in Sources */ = {isa = PBXBuildFile; fileRef = 4D611D0316406ADE008FB029 /* Utilities.cpp */; };
		4D4F4DD816E662CA00B7F5A4 /* StochTest.cpp in Sources */ = {isa = PBXBuildFile; fileRef = 4D4F4DD616E662CA00B7F5A4 /* StochTest.cpp */; };
		4D8B4B3E16E3FFCD008ECF75 /* InstrumentFactories.cpp in Sources */ = {isa = PBXBuildFile; fileRef = 4D8B4B3C16E3FDF8008ECF75 /* InstrumentFactories.cpp */; };
		4D8B4B3F16E3FFD0008ECF75 /* InstrumentFactories.h in Headers */ = {isa = PBXBuildFile; fileRef = 4D8B4B3D16E3FDF8008ECF75 /* InstrumentFactories.h */; };
		4D917D6F16E08268002ADE1E /* SystemTest.cpp in Sources */ = {isa = PBXBuildFile; fileRef = 4D917D6D16E081B4002ADE1E /* SystemTest.cpp */; };
		4DA3762D16E53CF700599AA1 /* IsingTest.cpp in Sources */ = {isa = PBXBuildFile; fileRef = 4DA3762B16E53B8300599AA1 /* IsingTest.cpp */; };
		4DA3763316E54C2A00599AA1 /* stoch.cpp in Sources */ = {isa = PBXBuildFile; fileRef = 4DA3763016E54C2A00599AA1 /* stoch.cpp */; };
		4DA6055916EA4399000DC72A /* cli.cpp in Sources */ = {isa = PBXBuildFile; fileRef = 4DA6055716EA4399000DC72A /* cli.cpp */; };
		4DA6055A16EA4399000DC72A /* cli.h in Headers */ = {isa = PBXBuildFile; fileRef = 4DA6055816EA4399000DC72A /* cli.h */; };
		4DA8B74716EECA180072B82A /* IsingGrid.cpp in Sources */ = {isa = PBXBuildFile; fileRef = 4DA8B74516EEC9C80072B82A /* IsingGrid.cpp */; };
		4DA8B74A16EECFE90072B82A /* IsingGridTest.cpp in Sources */ = {isa = PBXBuildFile; fileRef = 4DA8B74816EECFE90072B82A /* IsingGridTest.cpp */; };
		4DA8D48616E30F8400D659CF /* Measurement.cpp in Sources */ = {isa = PBXBuildFile; fileRef = 4DA8D48416E30F8400D659CF /* Measurement.cpp */; };
		4DA8D48716E30F8400D659CF /* Measurement.h in Headers */ = {isa = PBXBuildFile; fileRef = 4DA8D48516E30F8400D659CF /* Measurement.h */; };
		4DA8D48A16E3A9ED00D659CF /* MeasurementTest.cpp in Sources */ = {isa = PBXBuildFile; fileRef = 4DA8D48816E3A9ED00D659CF /* MeasurementTest.cpp */; };
		4DB2EE1016E7CAEF00D24443 /* main.cpp in Sources */ = {isa = PBXBuildFile; fileRef = 4DB2EE0F16E7BDD800D24443 /* main.cpp */; };
		4DB2EE1216E8273B00D24443 /* MockObjects.h in Headers */ = {isa = PBXBuildFile; fileRef = 4DB2EE1116E8273B00D24443 /* MockObjects.h */; };
		4DB2EE1616E9086300D24443 /* core.cpp in Sources */ = {isa = PBXBuildFile; fileRef = 4DB2EE1516E9086200D24443 /* core.cpp */; };
		4DBF803316E44A6F002EB147 /* ising.cpp in Sources */ = {isa = PBXBuildFile; fileRef = 4DBF803216E44A6F002EB147 /* ising.cpp */; };
/* End PBXBuildFile section */

/* Begin PBXContainerItemProxy section */
		4D917D7416E0DE99002ADE1E /* PBXContainerItemProxy */ = {
			isa = PBXContainerItemProxy;
			containerPortal = 4DD182E61605213000353837 /* Project object */;
			proxyType = 1;
			remoteGlobalIDString = 4D28A4A216D66DC40019141B;
			remoteInfo = libjdemon;
		};
/* End PBXContainerItemProxy section */

/* Begin PBXFileReference section */
		4D02E3A816D660EB0047BE84 /* libgsl.0.dylib */ = {isa = PBXFileReference; lastKnownFileType = "compiled.mach-o.dylib"; name = libgsl.0.dylib; path = ../../macports/lib/libgsl.0.dylib; sourceTree = "<group>"; };
		4D02E3AA16D662B20047BE84 /* libboost_chrono-mt.dylib */ = {isa = PBXFileReference; lastKnownFileType = "compiled.mach-o.dylib"; name = "libboost_chrono-mt.dylib"; path = "../../macports/lib/libboost_chrono-mt.dylib"; sourceTree = "<group>"; };
		4D02E3AB16D662B20047BE84 /* libboost_program_options-mt.dylib */ = {isa = PBXFileReference; lastKnownFileType = "compiled.mach-o.dylib"; name = "libboost_program_options-mt.dylib"; path = "../../macports/lib/libboost_program_options-mt.dylib"; sourceTree = "<group>"; };
		4D02E3AC16D662B20047BE84 /* libboost_system-mt.dylib */ = {isa = PBXFileReference; lastKnownFileType = "compiled.mach-o.dylib"; name = "libboost_system-mt.dylib"; path = "../../macports/lib/libboost_system-mt.dylib"; sourceTree = "<group>"; };
		4D02E3AD16D662B20047BE84 /* libboost_timer-mt.dylib */ = {isa = PBXFileReference; lastKnownFileType = "compiled.mach-o.dylib"; name = "libboost_timer-mt.dylib"; path = "../../macports/lib/libboost_timer-mt.dylib"; sourceTree = "<group>"; };
		4D28A4A316D66DC40019141B /* liblibjdemon.a */ = {isa = PBXFileReference; explicitFileType = archive.ar; includeInIndex = 0; path = liblibjdemon.a; sourceTree = BUILT_PRODUCTS_DIR; };
		4D46888916B5C549009143D0 /* Stochastic.cpp */ = {isa = PBXFileReference; lastKnownFileType = sourcecode.cpp.cpp; path = Stochastic.cpp; sourceTree = "<group>"; };
		4D46888A16B5C549009143D0 /* Stochastic.h */ = {isa = PBXFileReference; explicitFileType = sourcecode.cpp.h; path = Stochastic.h; sourceTree = "<group>"; };
		4D46888C16B5C58C009143D0 /* Reservoir.h */ = {isa = PBXFileReference; lastKnownFileType = sourcecode.c.h; path = Reservoir.h; sourceTree = "<group>"; };
		4D4F4DD616E662CA00B7F5A4 /* StochTest.cpp */ = {isa = PBXFileReference; fileEncoding = 4; lastKnownFileType = sourcecode.cpp.cpp; path = StochTest.cpp; sourceTree = "<group>"; };
		4D611CFF16406A2F008FB029 /* System.cpp */ = {isa = PBXFileReference; fileEncoding = 4; lastKnownFileType = sourcecode.cpp.cpp; path = System.cpp; sourceTree = "<group>"; };
		4D611D0016406A2F008FB029 /* System.h */ = {isa = PBXFileReference; fileEncoding = 4; lastKnownFileType = sourcecode.c.h; path = System.h; sourceTree = "<group>"; };
		4D611D0316406ADE008FB029 /* Utilities.cpp */ = {isa = PBXFileReference; fileEncoding = 4; lastKnownFileType = sourcecode.cpp.cpp; path = Utilities.cpp; sourceTree = "<group>"; };
		4D611D0416406ADE008FB029 /* Utilities.h */ = {isa = PBXFileReference; fileEncoding = 4; lastKnownFileType = sourcecode.c.h; path = Utilities.h; sourceTree = "<group>"; };
		4D8B4B3C16E3FDF8008ECF75 /* InstrumentFactories.cpp */ = {isa = PBXFileReference; fileEncoding = 4; lastKnownFileType = sourcecode.cpp.cpp; path = InstrumentFactories.cpp; sourceTree = "<group>"; };
		4D8B4B3D16E3FDF8008ECF75 /* InstrumentFactories.h */ = {isa = PBXFileReference; fileEncoding = 4; lastKnownFileType = sourcecode.c.h; path = InstrumentFactories.h; sourceTree = "<group>"; };
		4D917D6D16E081B4002ADE1E /* SystemTest.cpp */ = {isa = PBXFileReference; fileEncoding = 4; lastKnownFileType = sourcecode.cpp.cpp; path = SystemTest.cpp; sourceTree = "<group>"; };
		4D917D6E16E081B4002ADE1E /* TestFixtures.h */ = {isa = PBXFileReference; fileEncoding = 4; lastKnownFileType = sourcecode.c.h; path = TestFixtures.h; sourceTree = "<group>"; };
		4D9C2AFF160524A9001FA974 /* main.cpp */ = {isa = PBXFileReference; fileEncoding = 4; lastKnownFileType = sourcecode.cpp.cpp; name = main.cpp; path = ../openmp/main.cpp; sourceTree = "<group>"; };
		4DA3762B16E53B8300599AA1 /* IsingTest.cpp */ = {isa = PBXFileReference; fileEncoding = 4; lastKnownFileType = sourcecode.cpp.cpp; path = IsingTest.cpp; sourceTree = "<group>"; };
		4DA3763016E54C2A00599AA1 /* stoch.cpp */ = {isa = PBXFileReference; fileEncoding = 4; lastKnownFileType = sourcecode.cpp.cpp; path = stoch.cpp; sourceTree = "<group>"; };
		4DA6055716EA4399000DC72A /* cli.cpp */ = {isa = PBXFileReference; fileEncoding = 4; lastKnownFileType = sourcecode.cpp.cpp; path = cli.cpp; sourceTree = "<group>"; };
		4DA6055816EA4399000DC72A /* cli.h */ = {isa = PBXFileReference; fileEncoding = 4; lastKnownFileType = sourcecode.c.h; path = cli.h; sourceTree = "<group>"; };
		4DA8B74516EEC9C80072B82A /* IsingGrid.cpp */ = {isa = PBXFileReference; fileEncoding = 4; lastKnownFileType = sourcecode.cpp.cpp; path = IsingGrid.cpp; sourceTree = "<group>"; };
		4DA8B74616EEC9C80072B82A /* IsingGrid.h */ = {isa = PBXFileReference; fileEncoding = 4; lastKnownFileType = sourcecode.c.h; path = IsingGrid.h; sourceTree = "<group>"; };
		4DA8B74816EECFE90072B82A /* IsingGridTest.cpp */ = {isa = PBXFileReference; fileEncoding = 4; lastKnownFileType = sourcecode.cpp.cpp; path = IsingGridTest.cpp; sourceTree = "<group>"; };
		4DA8D48416E30F8400D659CF /* Measurement.cpp */ = {isa = PBXFileReference; fileEncoding = 4; lastKnownFileType = sourcecode.cpp.cpp; path = Measurement.cpp; sourceTree = "<group>"; };
		4DA8D48516E30F8400D659CF /* Measurement.h */ = {isa = PBXFileReference; fileEncoding = 4; lastKnownFileType = sourcecode.c.h; path = Measurement.h; sourceTree = "<group>"; };
		4DA8D48816E3A9ED00D659CF /* MeasurementTest.cpp */ = {isa = PBXFileReference; fileEncoding = 4; lastKnownFileType = sourcecode.cpp.cpp; path = MeasurementTest.cpp; sourceTree = "<group>"; };
		4DAFD7C216B2EC54004D9346 /* clangomp.h */ = {isa = PBXFileReference; lastKnownFileType = sourcecode.c.h; path = clangomp.h; sourceTree = "<group>"; };
		4DB2EE0F16E7BDD800D24443 /* main.cpp */ = {isa = PBXFileReference; fileEncoding = 4; lastKnownFileType = sourcecode.cpp.cpp; path = main.cpp; sourceTree = "<group>"; };
		4DB2EE1116E8273B00D24443 /* MockObjects.h */ = {isa = PBXFileReference; fileEncoding = 4; lastKnownFileType = sourcecode.c.h; path = MockObjects.h; sourceTree = "<group>"; };
		4DB2EE1416E8EEF500D24443 /* ReservoirBenchmark.h */ = {isa = PBXFileReference; fileEncoding = 4; lastKnownFileType = sourcecode.c.h; path = ReservoirBenchmark.h; sourceTree = "<group>"; };
		4DB2EE1516E9086200D24443 /* core.cpp */ = {isa = PBXFileReference; fileEncoding = 4; lastKnownFileType = sourcecode.cpp.cpp; path = core.cpp; sourceTree = "<group>"; };
		4DBF803216E44A6F002EB147 /* ising.cpp */ = {isa = PBXFileReference; fileEncoding = 4; lastKnownFileType = sourcecode.cpp.cpp; path = ising.cpp; sourceTree = "<group>"; };
		4DE1438216D143C400F8B816 /* Ising.cpp */ = {isa = PBXFileReference; fileEncoding = 4; lastKnownFileType = sourcecode.cpp.cpp; path = Ising.cpp; sourceTree = "<group>"; usesTabs = 0; };
		4DE1438316D143C400F8B816 /* Ising.h */ = {isa = PBXFileReference; explicitFileType = sourcecode.cpp.h; fileEncoding = 4; path = Ising.h; sourceTree = "<group>"; };
		4DE1438516D1443E00F8B816 /* Reservoir.cpp */ = {isa = PBXFileReference; fileEncoding = 4; lastKnownFileType = sourcecode.cpp.cpp; path = Reservoir.cpp; sourceTree = "<group>"; };
/* End PBXFileReference section */

/* Begin PBXFrameworksBuildPhase section */
		4D28A4A016D66DC40019141B /* Frameworks */ = {
			isa = PBXFrameworksBuildPhase;
			buildActionMask = 2147483647;
			files = (
			);
			runOnlyForDeploymentPostprocessing = 0;
		};
/* End PBXFrameworksBuildPhase section */

/* Begin PBXGroup section */
		4D917D6716E0807B002ADE1E /* lib */ = {
			isa = PBXGroup;
			children = (
				4D917D6E16E081B4002ADE1E /* TestFixtures.h */,
				4DB2EE1116E8273B00D24443 /* MockObjects.h */,
				4DA8D48816E3A9ED00D659CF /* MeasurementTest.cpp */,
				4D917D6D16E081B4002ADE1E /* SystemTest.cpp */,
				4D4F4DD616E662CA00B7F5A4 /* StochTest.cpp */,
				4DA3762B16E53B8300599AA1 /* IsingTest.cpp */,
				4DA8B74816EECFE90072B82A /* IsingGridTest.cpp */,
				4DB2EE1516E9086200D24443 /* core.cpp */,
			);
			name = lib;
			path = test/lib;
			sourceTree = "<group>";
		};
		4DAFD7A716B202EF004D9346 /* External Libraries */ = {
			isa = PBXGroup;
			children = (
				4D02E3AA16D662B20047BE84 /* libboost_chrono-mt.dylib */,
				4D02E3AB16D662B20047BE84 /* libboost_program_options-mt.dylib */,
				4D02E3AC16D662B20047BE84 /* libboost_system-mt.dylib */,
				4D02E3AD16D662B20047BE84 /* libboost_timer-mt.dylib */,
				4D02E3A816D660EB0047BE84 /* libgsl.0.dylib */,
			);
			name = "External Libraries";
			sourceTree = "<group>";
		};
		4DB2EE0C16E6F60F00D24443 /* Frontends */ = {
			isa = PBXGroup;
			children = (
				4DB2EE0E16E7BDAF00D24443 /* OpenMP */,
				4DB2EE0D16E7BDA600D24443 /* MPI */,
			);
			name = Frontends;
			sourceTree = "<group>";
		};
		4DB2EE0D16E7BDA600D24443 /* MPI */ = {
			isa = PBXGroup;
			children = (
				4DB2EE0F16E7BDD800D24443 /* main.cpp */,
			);
			name = MPI;
			path = ../mpi;
			sourceTree = "<group>";
		};
		4DB2EE0E16E7BDAF00D24443 /* OpenMP */ = {
			isa = PBXGroup;
			children = (
				4D9C2AFF160524A9001FA974 /* main.cpp */,
			);
			name = OpenMP;
			path = ../openmp;
			sourceTree = "<group>";
		};
		4DB2EE1716E92BB600D24443 /* test */ = {
			isa = PBXGroup;
			children = (
				4D917D6716E0807B002ADE1E /* lib */,
				4DBF803116E44A52002EB147 /* Perfomance */,
			);
			name = test;
			sourceTree = "<group>";
		};
		4DBF803116E44A52002EB147 /* Perfomance */ = {
			isa = PBXGroup;
			children = (
				4DB2EE1416E8EEF500D24443 /* ReservoirBenchmark.h */,
				4DBF803216E44A6F002EB147 /* ising.cpp */,
				4DA3763016E54C2A00599AA1 /* stoch.cpp */,
			);
			name = Perfomance;
			path = test/performance;
			sourceTree = "<group>";
		};
		4DD182E41605213000353837 = {
			isa = PBXGroup;
			children = (
				4DAFD7A716B202EF004D9346 /* External Libraries */,
				4DB2EE1716E92BB600D24443 /* test */,
				4DD182F21605213000353837 /* src */,
				4DD182F01605213000353837 /* Products */,
			);
			sourceTree = "<group>";
		};
		4DD182F01605213000353837 /* Products */ = {
			isa = PBXGroup;
			children = (
				4D28A4A316D66DC40019141B /* liblibjdemon.a */,
			);
			name = Products;
			sourceTree = "<group>";
		};
		4DD182F21605213000353837 /* src */ = {
			isa = PBXGroup;
			children = (
				4DB2EE0C16E6F60F00D24443 /* Frontends */,
				4DE1438716D147BB00F8B816 /* Reservoirs */,
				4DAFD7C216B2EC54004D9346 /* clangomp.h */,
				4DA6055816EA4399000DC72A /* cli.h */,
				4D8B4B3D16E3FDF8008ECF75 /* InstrumentFactories.h */,
				4DA8D48516E30F8400D659CF /* Measurement.h */,
				4D46888C16B5C58C009143D0 /* Reservoir.h */,
				4D611D0016406A2F008FB029 /* System.h */,
				4D611D0416406ADE008FB029 /* Utilities.h */,
				4DA6055716EA4399000DC72A /* cli.cpp */,
				4D8B4B3C16E3FDF8008ECF75 /* InstrumentFactories.cpp */,
				4DA8D48416E30F8400D659CF /* Measurement.cpp */,
				4D611CFF16406A2F008FB029 /* System.cpp */,
				4DE1438516D1443E00F8B816 /* Reservoir.cpp */,
				4D611D0316406ADE008FB029 /* Utilities.cpp */,
			);
			name = src;
			path = src/lib;
			sourceTree = "<group>";
		};
		4DE1438716D147BB00F8B816 /* Reservoirs */ = {
			isa = PBXGroup;
			children = (
				4D46888A16B5C549009143D0 /* Stochastic.h */,
				4D46888916B5C549009143D0 /* Stochastic.cpp */,
				4DA8B74616EEC9C80072B82A /* IsingGrid.h */,
				4DA8B74516EEC9C80072B82A /* IsingGrid.cpp */,
				4DE1438316D143C400F8B816 /* Ising.h */,
				4DE1438216D143C400F8B816 /* Ising.cpp */,
			);
			name = Reservoirs;
			sourceTree = "<group>";
		};
/* End PBXGroup section */

/* Begin PBXHeadersBuildPhase section */
		4D28A4A116D66DC40019141B /* Headers */ = {
			isa = PBXHeadersBuildPhase;
			buildActionMask = 2147483647;
			files = (
				4DA8D48716E30F8400D659CF /* Measurement.h in Headers */,
				4D8B4B3F16E3FFD0008ECF75 /* InstrumentFactories.h in Headers */,
				4DB2EE1216E8273B00D24443 /* MockObjects.h in Headers */,
				4DA6055A16EA4399000DC72A /* cli.h in Headers */,
			);
			runOnlyForDeploymentPostprocessing = 0;
		};
/* End PBXHeadersBuildPhase section */

/* Begin PBXLegacyTarget section */
		4D46888E16B5D5B8009143D0 /* jdemon */ = {
			isa = PBXLegacyTarget;
			buildArgumentsString = "$(ACTION)";
			buildConfigurationList = 4D46888F16B5D5B8009143D0 /* Build configuration list for PBXLegacyTarget "jdemon" */;
			buildPhases = (
			);
			buildToolPath = /usr/bin/make;
			buildWorkingDirectory = "$(SOURCE_ROOT)/build/";
			dependencies = (
			);
			name = jdemon;
			passBuildSettingsInEnvironment = 1;
			productName = BuildWithMakefile;
		};
		4D917D7016E0DE92002ADE1E /* demoncore */ = {
			isa = PBXLegacyTarget;
			buildArgumentsString = check;
			buildConfigurationList = 4D917D7116E0DE92002ADE1E /* Build configuration list for PBXLegacyTarget "demoncore" */;
			buildPhases = (
			);
			buildToolPath = /usr/bin/make;
			buildWorkingDirectory = /Users/mark/Source/jdemon/build;
			dependencies = (
				4D917D7516E0DE99002ADE1E /* PBXTargetDependency */,
			);
			name = demoncore;
			passBuildSettingsInEnvironment = 1;
			productName = demoncore;
		};
/* End PBXLegacyTarget section */

/* Begin PBXNativeTarget section */
		4D28A4A216D66DC40019141B /* libjdemon */ = {
			isa = PBXNativeTarget;
			buildConfigurationList = 4D28A4A416D66DC40019141B /* Build configuration list for PBXNativeTarget "libjdemon" */;
			buildPhases = (
				4D28A49F16D66DC40019141B /* Sources */,
				4D28A4A016D66DC40019141B /* Frameworks */,
				4D28A4A116D66DC40019141B /* Headers */,
			);
			buildRules = (
			);
			dependencies = (
			);
			name = libjdemon;
			productName = libjdemon;
			productReference = 4D28A4A316D66DC40019141B /* liblibjdemon.a */;
			productType = "com.apple.product-type.library.static";
		};
/* End PBXNativeTarget section */

/* Begin PBXProject section */
		4DD182E61605213000353837 /* Project object */ = {
			isa = PBXProject;
			attributes = {
				LastUpgradeCheck = 0440;
				ORGANIZATIONNAME = "Kenyon College";
			};
			buildConfigurationList = 4DD182E91605213000353837 /* Build configuration list for PBXProject "jdemon" */;
			compatibilityVersion = "Xcode 3.1";
			developmentRegion = English;
			hasScannedForEncodings = 0;
			knownRegions = (
				en,
			);
			mainGroup = 4DD182E41605213000353837;
			productRefGroup = 4DD182F01605213000353837 /* Products */;
			projectDirPath = "";
			projectRoot = "";
			targets = (
				4D46888E16B5D5B8009143D0 /* jdemon */,
				4D28A4A216D66DC40019141B /* libjdemon */,
				4D917D7016E0DE92002ADE1E /* demoncore */,
			);
		};
/* End PBXProject section */

/* Begin PBXSourcesBuildPhase section */
		4D28A49F16D66DC40019141B /* Sources */ = {
			isa = PBXSourcesBuildPhase;
			buildActionMask = 2147483647;
			files = (
				4D28A4AC16D66E2B0019141B /* Stochastic.cpp in Sources */,
				4D28A4AD16D66E2B0019141B /* Ising.cpp in Sources */,
				4D28A4B016D66E2B0019141B /* System.cpp in Sources */,
				4D28A4B116D66E2B0019141B /* Reservoir.cpp in Sources */,
				4D28A4B216D66E2B0019141B /* Utilities.cpp in Sources */,
				4D917D6F16E08268002ADE1E /* SystemTest.cpp in Sources */,
				4DA8D48616E30F8400D659CF /* Measurement.cpp in Sources */,
				4DA8D48A16E3A9ED00D659CF /* MeasurementTest.cpp in Sources */,
				4D8B4B3E16E3FFCD008ECF75 /* InstrumentFactories.cpp in Sources */,
				4DBF803316E44A6F002EB147 /* ising.cpp in Sources */,
				4DA3762D16E53CF700599AA1 /* IsingTest.cpp in Sources */,
				4DA3763316E54C2A00599AA1 /* stoch.cpp in Sources */,
				4D4F4DD816E662CA00B7F5A4 /* StochTest.cpp in Sources */,
				4DB2EE1016E7CAEF00D24443 /* main.cpp in Sources */,
				4DB2EE1616E9086300D24443 /* core.cpp in Sources */,
				4DA6055916EA4399000DC72A /* cli.cpp in Sources */,
				4DA8B74716EECA180072B82A /* IsingGrid.cpp in Sources */,
				4DA8B74A16EECFE90072B82A /* IsingGridTest.cpp in Sources */,
			);
			runOnlyForDeploymentPostprocessing = 0;
		};
/* End PBXSourcesBuildPhase section */

/* Begin PBXTargetDependency section */
		4D917D7516E0DE99002ADE1E /* PBXTargetDependency */ = {
			isa = PBXTargetDependency;
			target = 4D28A4A216D66DC40019141B /* libjdemon */;
			targetProxy = 4D917D7416E0DE99002ADE1E /* PBXContainerItemProxy */;
		};
/* End PBXTargetDependency section */

/* Begin XCBuildConfiguration section */
		4D28A4A516D66DC40019141B /* Debug */ = {
			isa = XCBuildConfiguration;
			buildSettings = {
				ALWAYS_SEARCH_USER_PATHS = YES;
				CLANG_CXX_LIBRARY = "libc++";
				CLANG_ENABLE_OBJC_ARC = YES;
				CLANG_WARN_CONSTANT_CONVERSION = YES;
				CLANG_WARN_EMPTY_BODY = YES;
				CLANG_WARN_ENUM_CONVERSION = YES;
				CLANG_WARN_INT_CONVERSION = YES;
				EXECUTABLE_PREFIX = lib;
				GCC_VERSION = "";
				HEADER_SEARCH_PATHS = (
					$HOME/macports/include,
					/usr/local/include,
				);
				LIBRARY_SEARCH_PATHS = (
					"$(inherited)",
					"\"$(SRCROOT)/../../macports/lib\"",
				);
				PRODUCT_NAME = "$(TARGET_NAME)";
			};
			name = Debug;
		};
		4D28A4A616D66DC40019141B /* Release */ = {
			isa = XCBuildConfiguration;
			buildSettings = {
				ALWAYS_SEARCH_USER_PATHS = YES;
				CLANG_CXX_LIBRARY = "libc++";
				CLANG_ENABLE_OBJC_ARC = YES;
				CLANG_WARN_CONSTANT_CONVERSION = YES;
				CLANG_WARN_EMPTY_BODY = YES;
				CLANG_WARN_ENUM_CONVERSION = YES;
				CLANG_WARN_INT_CONVERSION = YES;
				EXECUTABLE_PREFIX = lib;
				GCC_VERSION = "";
				HEADER_SEARCH_PATHS = (
					$HOME/macports/include,
					/usr/local/include,
				);
				LIBRARY_SEARCH_PATHS = (
					"$(inherited)",
					"\"$(SRCROOT)/../../macports/lib\"",
				);
				PRODUCT_NAME = "$(TARGET_NAME)";
			};
			name = Release;
		};
		4D46889016B5D5B8009143D0 /* Debug */ = {
			isa = XCBuildConfiguration;
			buildSettings = {
				ALWAYS_SEARCH_USER_PATHS = NO;
				CLANG_CXX_LIBRARY = "libc++";
				CLANG_WARN_CONSTANT_CONVERSION = YES;
				CLANG_WARN_EMPTY_BODY = YES;
				CLANG_WARN_ENUM_CONVERSION = YES;
				CLANG_WARN_INT_CONVERSION = YES;
				DEBUGGING_SYMBOLS = YES;
				GCC_GENERATE_DEBUGGING_SYMBOLS = YES;
				GCC_OPTIMIZATION_LEVEL = 0;
				LIBRARY_SEARCH_PATHS = (
					"$HOME/macports/lib/**",
					/usr/local,
				);
				OTHER_CFLAGS = "";
				OTHER_LDFLAGS = "";
				PRODUCT_NAME = "$(TARGET_NAME)";
			};
			name = Debug;
		};
		4D46889116B5D5B8009143D0 /* Release */ = {
			isa = XCBuildConfiguration;
			buildSettings = {
				ALWAYS_SEARCH_USER_PATHS = NO;
				CLANG_CXX_LIBRARY = "libc++";
				CLANG_WARN_CONSTANT_CONVERSION = YES;
				CLANG_WARN_EMPTY_BODY = YES;
				CLANG_WARN_ENUM_CONVERSION = YES;
				CLANG_WARN_INT_CONVERSION = YES;
				LIBRARY_SEARCH_PATHS = (
					"$HOME/macports/lib/**",
					/usr/local,
				);
				OTHER_CFLAGS = "";
				OTHER_LDFLAGS = "";
				PRODUCT_NAME = "$(TARGET_NAME)";
			};
			name = Release;
		};
		4D917D7216E0DE92002ADE1E /* Debug */ = {
			isa = XCBuildConfiguration;
			buildSettings = {
				ALWAYS_SEARCH_USER_PATHS = NO;
				CLANG_CXX_LIBRARY = "libc++";
				CLANG_WARN_CONSTANT_CONVERSION = YES;
				CLANG_WARN_EMPTY_BODY = YES;
				CLANG_WARN_ENUM_CONVERSION = YES;
				CLANG_WARN_INT_CONVERSION = YES;
				DEBUGGING_SYMBOLS = YES;
				GCC_GENERATE_DEBUGGING_SYMBOLS = YES;
				GCC_OPTIMIZATION_LEVEL = 0;
				OTHER_CFLAGS = "";
				OTHER_LDFLAGS = "";
				PRODUCT_NAME = "$(TARGET_NAME)";
				USER_HEADER_SEARCH_PATHS = $HOME/macports/include;
			};
			name = Debug;
		};
		4D917D7316E0DE92002ADE1E /* Release */ = {
			isa = XCBuildConfiguration;
			buildSettings = {
				ALWAYS_SEARCH_USER_PATHS = NO;
				CLANG_CXX_LIBRARY = "libc++";
				CLANG_WARN_CONSTANT_CONVERSION = YES;
				CLANG_WARN_EMPTY_BODY = YES;
				CLANG_WARN_ENUM_CONVERSION = YES;
				CLANG_WARN_INT_CONVERSION = YES;
				OTHER_CFLAGS = "";
				OTHER_LDFLAGS = "";
				PRODUCT_NAME = "$(TARGET_NAME)";
			};
			name = Release;
		};
		4DD182F71605213000353837 /* Debug */ = {
			isa = XCBuildConfiguration;
			buildSettings = {
				ALWAYS_SEARCH_USER_PATHS = YES;
				ARCHS = "$(ARCHS_STANDARD_64_BIT)";
				CLANG_ANALYZER_SECURITY_INSECUREAPI_RAND = YES;
				CLANG_CXX_LANGUAGE_STANDARD = "gnu++0x";
				CLANG_WARN__DUPLICATE_METHOD_MATCH = YES;
				COPY_PHASE_STRIP = NO;
				ENABLE_OPENMP_SUPPORT = YES;
				GCC_C_LANGUAGE_STANDARD = gnu99;
				GCC_DYNAMIC_NO_PIC = NO;
				GCC_ENABLE_OBJC_EXCEPTIONS = YES;
				GCC_OPTIMIZATION_LEVEL = 0;
				GCC_PREPROCESSOR_DEFINITIONS = (
					"DEBUG=1",
					"$(inherited)",
				);
				GCC_SYMBOLS_PRIVATE_EXTERN = NO;
				GCC_VERSION = com.apple.compilers.llvmgcc42;
				GCC_WARN_64_TO_32_BIT_CONVERSION = YES;
				GCC_WARN_ABOUT_RETURN_TYPE = YES;
				GCC_WARN_UNINITIALIZED_AUTOS = YES;
				GCC_WARN_UNUSED_FUNCTION = YES;
				GCC_WARN_UNUSED_PARAMETER = NO;
				GCC_WARN_UNUSED_VARIABLE = YES;
				HEADER_SEARCH_PATHS = (
					$HOME/macports/include,
					/usr/local,
				);
				LIBRARY_SEARCH_PATHS = "$HOME/macports/lib/**";
				MACOSX_DEPLOYMENT_TARGET = 10.8;
				ONLY_ACTIVE_ARCH = YES;
				OTHER_LDFLAGS = "";
				SCAN_ALL_SOURCE_FILES_FOR_INCLUDES = YES;
				SDKROOT = macosx;
				USER_HEADER_SEARCH_PATHS = $HOME/macports/include;
				"USER_HEADER_SEARCH_PATHS[arch=*]" = $HOME/macports/include;
				WARNING_CFLAGS = "-Wall";
			};
			name = Debug;
		};
		4DD182F81605213000353837 /* Release */ = {
			isa = XCBuildConfiguration;
			buildSettings = {
				ALWAYS_SEARCH_USER_PATHS = YES;
				ARCHS = "$(ARCHS_STANDARD_64_BIT)";
				CLANG_ANALYZER_SECURITY_INSECUREAPI_RAND = YES;
				CLANG_CXX_LANGUAGE_STANDARD = "gnu++0x";
				CLANG_WARN__DUPLICATE_METHOD_MATCH = YES;
				COPY_PHASE_STRIP = YES;
				DEBUG_INFORMATION_FORMAT = "dwarf-with-dsym";
				ENABLE_OPENMP_SUPPORT = YES;
				GCC_C_LANGUAGE_STANDARD = gnu99;
				GCC_ENABLE_OBJC_EXCEPTIONS = YES;
				GCC_OPTIMIZATION_LEVEL = s;
				GCC_VERSION = com.apple.compilers.llvmgcc42;
				GCC_WARN_64_TO_32_BIT_CONVERSION = YES;
				GCC_WARN_ABOUT_RETURN_TYPE = YES;
				GCC_WARN_UNINITIALIZED_AUTOS = YES;
				GCC_WARN_UNUSED_FUNCTION = YES;
				GCC_WARN_UNUSED_PARAMETER = NO;
				GCC_WARN_UNUSED_VARIABLE = YES;
				HEADER_SEARCH_PATHS = (
					$HOME/macports/include,
					/usr/local,
				);
				LIBRARY_SEARCH_PATHS = "$HOME/macports/lib/**";
				MACOSX_DEPLOYMENT_TARGET = 10.8;
				OTHER_LDFLAGS = "";
				SCAN_ALL_SOURCE_FILES_FOR_INCLUDES = YES;
				SDKROOT = macosx;
				USER_HEADER_SEARCH_PATHS = $HOME/macports/include;
				WARNING_CFLAGS = "-Wall";
			};
			name = Release;
		};
/* End XCBuildConfiguration section */

/* Begin XCConfigurationList section */
		4D28A4A416D66DC40019141B /* Build configuration list for PBXNativeTarget "libjdemon" */ = {
			isa = XCConfigurationList;
			buildConfigurations = (
				4D28A4A516D66DC40019141B /* Debug */,
				4D28A4A616D66DC40019141B /* Release */,
			);
			defaultConfigurationIsVisible = 0;
			defaultConfigurationName = Release;
		};
		4D46888F16B5D5B8009143D0 /* Build configuration list for PBXLegacyTarget "jdemon" */ = {
			isa = XCConfigurationList;
			buildConfigurations = (
				4D46889016B5D5B8009143D0 /* Debug */,
				4D46889116B5D5B8009143D0 /* Release */,
			);
			defaultConfigurationIsVisible = 0;
			defaultConfigurationName = Release;
		};
		4D917D7116E0DE92002ADE1E /* Build configuration list for PBXLegacyTarget "demoncore" */ = {
			isa = XCConfigurationList;
			buildConfigurations = (
				4D917D7216E0DE92002ADE1E /* Debug */,
				4D917D7316E0DE92002ADE1E /* Release */,
			);
			defaultConfigurationIsVisible = 0;
			defaultConfigurationName = Release;
		};
		4DD182E91605213000353837 /* Build configuration list for PBXProject "jdemon" */ = {
			isa = XCConfigurationList;
			buildConfigurations = (
				4DD182F71605213000353837 /* Debug */,
				4DD182F81605213000353837 /* Release */,
			);
			defaultConfigurationIsVisible = 0;
			defaultConfigurationName = Release;
		};
/* End XCConfigurationList section */
	};
	rootObject = 4DD182E61605213000353837 /* Project object */;
}
